
Microsoft Visual Studio Solution File, Format Version 12.00
# Visual Studio Version 16
VisualStudioVersion = 16.0.29728.190
MinimumVisualStudioVersion = 10.0.40219.1
Project("{FAE04EC0-301F-11D3-BF4B-00C04F79EFBC}") = "MiniCloud.ContainerService", "MiniCloud.ContainerService\MiniCloud.ContainerService.csproj", "{B594D7C5-5E3B-420F-A8ED-D7BD5FBC219A}"
EndProject
Project("{FAE04EC0-301F-11D3-BF4B-00C04F79EFBC}") = "MiniCloud.ContainerService.DataAccess", "MiniCloud.ContainerService.DataAccess\MiniCloud.ContainerService.DataAccess.csproj", "{C4ADF433-193E-4BC3-B3FA-96125B8E59EC}"
EndProject
Project("{FAE04EC0-301F-11D3-BF4B-00C04F79EFBC}") = "MiniCloud.ContainerService.Service", "MiniCloud.ContainerService.Service\MiniCloud.ContainerService.Service.csproj", "{76F9A5D5-9817-4F4F-9005-456BDAA8A691}"
EndProject
Global
	GlobalSection(SolutionConfigurationPlatforms) = preSolution
		Debug|Any CPU = Debug|Any CPU
		Release|Any CPU = Release|Any CPU
	EndGlobalSection
	GlobalSection(ProjectConfigurationPlatforms) = postSolution
		{B594D7C5-5E3B-420F-A8ED-D7BD5FBC219A}.Debug|Any CPU.ActiveCfg = Debug|Any CPU
		{B594D7C5-5E3B-420F-A8ED-D7BD5FBC219A}.Debug|Any CPU.Build.0 = Debug|Any CPU
		{B594D7C5-5E3B-420F-A8ED-D7BD5FBC219A}.Release|Any CPU.ActiveCfg = Release|Any CPU
		{B594D7C5-5E3B-420F-A8ED-D7BD5FBC219A}.Release|Any CPU.Build.0 = Release|Any CPU
		{C4ADF433-193E-4BC3-B3FA-96125B8E59EC}.Debug|Any CPU.ActiveCfg = Debug|Any CPU
		{C4ADF433-193E-4BC3-B3FA-96125B8E59EC}.Debug|Any CPU.Build.0 = Debug|Any CPU
		{C4ADF433-193E-4BC3-B3FA-96125B8E59EC}.Release|Any CPU.ActiveCfg = Release|Any CPU
		{C4ADF433-193E-4BC3-B3FA-96125B8E59EC}.Release|Any CPU.Build.0 = Release|Any CPU
		{76F9A5D5-9817-4F4F-9005-456BDAA8A691}.Debug|Any CPU.ActiveCfg = Debug|Any CPU
		{76F9A5D5-9817-4F4F-9005-456BDAA8A691}.Debug|Any CPU.Build.0 = Debug|Any CPU
		{76F9A5D5-9817-4F4F-9005-456BDAA8A691}.Release|Any CPU.ActiveCfg = Release|Any CPU
		{76F9A5D5-9817-4F4F-9005-456BDAA8A691}.Release|Any CPU.Build.0 = Release|Any CPU
	EndGlobalSection
	GlobalSection(SolutionProperties) = preSolution
		HideSolutionNode = FALSE
	EndGlobalSection
	GlobalSection(ExtensibilityGlobals) = postSolution
		SolutionGuid = {4DCA867F-643C-40E9-A3D2-FA328CD16085}
	EndGlobalSection
EndGlobal
